
Microsoft Visual Studio Solution File, Format Version 12.00
# Visual Studio Version 17
VisualStudioVersion = 17.14.36518.9 d17.14
MinimumVisualStudioVersion = 10.0.40219.1
Project("{FAE04EC0-301F-11D3-BF4B-00C04F79EFBC}") = "ManagerApp", "ManagerApp.csproj", "{9B87B26B-E7C3-418B-89ED-B2672A049F9F}"
EndProject
Global
	GlobalSection(SolutionConfigurationPlatforms) = preSolution
		Debug|Any CPU = Debug|Any CPU
		Release|Any CPU = Release|Any CPU
	EndGlobalSection
	GlobalSection(ProjectConfigurationPlatforms) = postSolution
		{9B87B26B-E7C3-418B-89ED-B2672A049F9F}.Debug|Any CPU.ActiveCfg = Debug|Any CPU
		{9B87B26B-E7C3-418B-89ED-B2672A049F9F}.Debug|Any CPU.Build.0 = Debug|Any CPU
		{9B87B26B-E7C3-418B-89ED-B2672A049F9F}.Release|Any CPU.ActiveCfg = Release|Any CPU
		{9B87B26B-E7C3-418B-89ED-B2672A049F9F}.Release|Any CPU.Build.0 = Release|Any CPU
	EndGlobalSection
	GlobalSection(SolutionProperties) = preSolution
		HideSolutionNode = FALSE
	EndGlobalSection
	GlobalSection(ExtensibilityGlobals) = postSolution
		SolutionGuid = {0F5D7D23-3E33-4D27-908A-1530363FABBF}
	EndGlobalSection
EndGlobal
